// !$*UTF8*$!
{
	archiveVersion = 1;
	classes = {
	};
	objectVersion = 56;
	objects = {

/* Begin PBXBuildFile section */
		8DA5AEEC2A3F3D440074F154 /* AsyncFlatListView.swift in Sources */ = {isa = PBXBuildFile; fileRef = 8DA5AEEB2A3F3D440074F154 /* AsyncFlatListView.swift */; };
		8DA5AEEE2A3F3D5D0074F154 /* Models.swift in Sources */ = {isa = PBXBuildFile; fileRef = 8DA5AEED2A3F3D5D0074F154 /* Models.swift */; };
		8DA5AEF02A3F40B70074F154 /* FlatListView.swift in Sources */ = {isa = PBXBuildFile; fileRef = 8DA5AEEF2A3F40B70074F154 /* FlatListView.swift */; };
		8DA5AEF42A3F43150074F154 /* SelectionListView.swift in Sources */ = {isa = PBXBuildFile; fileRef = 8DA5AEF32A3F43150074F154 /* SelectionListView.swift */; };
		8DA5AEF62A3F448B0074F154 /* AppendCellListView.swift in Sources */ = {isa = PBXBuildFile; fileRef = 8DA5AEF52A3F448B0074F154 /* AppendCellListView.swift */; };
		8DA5AEF82A3F582E0074F154 /* StaticTreeListView.swift in Sources */ = {isa = PBXBuildFile; fileRef = 8DA5AEF72A3F582E0074F154 /* StaticTreeListView.swift */; };
		8DF6A1B52A3E39100054B0FA /* ListPlayinApp.swift in Sources */ = {isa = PBXBuildFile; fileRef = 8DF6A1B42A3E39100054B0FA /* ListPlayinApp.swift */; };
		8DF6A1B72A3E39100054B0FA /* ContentView.swift in Sources */ = {isa = PBXBuildFile; fileRef = 8DF6A1B62A3E39100054B0FA /* ContentView.swift */; };
		8DF6A1B92A3E39100054B0FA /* Assets.xcassets in Resources */ = {isa = PBXBuildFile; fileRef = 8DF6A1B82A3E39100054B0FA /* Assets.xcassets */; };
		8DF6A1BC2A3E39100054B0FA /* Preview Assets.xcassets in Resources */ = {isa = PBXBuildFile; fileRef = 8DF6A1BB2A3E39100054B0FA /* Preview Assets.xcassets */; };
		8DFBBA3D2A3FACCD0078294C /* DisclosureGroupList.swift in Sources */ = {isa = PBXBuildFile; fileRef = 8DFBBA3C2A3FACCD0078294C /* DisclosureGroupList.swift */; };
		8DFBBA3F2A3FB3A90078294C /* AsyncDisclosureGroupListView.swift in Sources */ = {isa = PBXBuildFile; fileRef = 8DFBBA3E2A3FB3A90078294C /* AsyncDisclosureGroupListView.swift */; };
/* End PBXBuildFile section */

/* Begin PBXFileReference section */
		8DA5AEEB2A3F3D440074F154 /* AsyncFlatListView.swift */ = {isa = PBXFileReference; lastKnownFileType = sourcecode.swift; path = AsyncFlatListView.swift; sourceTree = "<group>"; };
		8DA5AEED2A3F3D5D0074F154 /* Models.swift */ = {isa = PBXFileReference; lastKnownFileType = sourcecode.swift; path = Models.swift; sourceTree = "<group>"; };
		8DA5AEEF2A3F40B70074F154 /* FlatListView.swift */ = {isa = PBXFileReference; lastKnownFileType = sourcecode.swift; path = FlatListView.swift; sourceTree = "<group>"; };
		8DA5AEF32A3F43150074F154 /* SelectionListView.swift */ = {isa = PBXFileReference; lastKnownFileType = sourcecode.swift; path = SelectionListView.swift; sourceTree = "<group>"; };
		8DA5AEF52A3F448B0074F154 /* AppendCellListView.swift */ = {isa = PBXFileReference; lastKnownFileType = sourcecode.swift; path = AppendCellListView.swift; sourceTree = "<group>"; };
		8DA5AEF72A3F582E0074F154 /* StaticTreeListView.swift */ = {isa = PBXFileReference; lastKnownFileType = sourcecode.swift; path = StaticTreeListView.swift; sourceTree = "<group>"; };
		8DF6A1B12A3E39100054B0FA /* ListPlayin.app */ = {isa = PBXFileReference; explicitFileType = wrapper.application; includeInIndex = 0; path = ListPlayin.app; sourceTree = BUILT_PRODUCTS_DIR; };
		8DF6A1B42A3E39100054B0FA /* ListPlayinApp.swift */ = {isa = PBXFileReference; lastKnownFileType = sourcecode.swift; path = ListPlayinApp.swift; sourceTree = "<group>"; };
		8DF6A1B62A3E39100054B0FA /* ContentView.swift */ = {isa = PBXFileReference; lastKnownFileType = sourcecode.swift; path = ContentView.swift; sourceTree = "<group>"; };
		8DF6A1B82A3E39100054B0FA /* Assets.xcassets */ = {isa = PBXFileReference; lastKnownFileType = folder.assetcatalog; path = Assets.xcassets; sourceTree = "<group>"; };
		8DF6A1BB2A3E39100054B0FA /* Preview Assets.xcassets */ = {isa = PBXFileReference; lastKnownFileType = folder.assetcatalog; path = "Preview Assets.xcassets"; sourceTree = "<group>"; };
		8DFBBA3C2A3FACCD0078294C /* DisclosureGroupList.swift */ = {isa = PBXFileReference; lastKnownFileType = sourcecode.swift; path = DisclosureGroupList.swift; sourceTree = "<group>"; };
		8DFBBA3E2A3FB3A90078294C /* AsyncDisclosureGroupListView.swift */ = {isa = PBXFileReference; lastKnownFileType = sourcecode.swift; path = AsyncDisclosureGroupListView.swift; sourceTree = "<group>"; };
/* End PBXFileReference section */

/* Begin PBXFrameworksBuildPhase section */
		8DF6A1AE2A3E39100054B0FA /* Frameworks */ = {
			isa = PBXFrameworksBuildPhase;
			buildActionMask = 2147483647;
			files = (
			);
			runOnlyForDeploymentPostprocessing = 0;
		};
/* End PBXFrameworksBuildPhase section */

/* Begin PBXGroup section */
		8DF6A1A82A3E39100054B0FA = {
			isa = PBXGroup;
			children = (
				8DF6A1B32A3E39100054B0FA /* ListPlayin */,
				8DF6A1B22A3E39100054B0FA /* Products */,
			);
			sourceTree = "<group>";
		};
		8DF6A1B22A3E39100054B0FA /* Products */ = {
			isa = PBXGroup;
			children = (
				8DF6A1B12A3E39100054B0FA /* ListPlayin.app */,
			);
			name = Products;
			sourceTree = "<group>";
		};
		8DF6A1B32A3E39100054B0FA /* ListPlayin */ = {
			isa = PBXGroup;
			children = (
				8DF6A1B42A3E39100054B0FA /* ListPlayinApp.swift */,
				8DF6A1B62A3E39100054B0FA /* ContentView.swift */,
				8DA5AEEB2A3F3D440074F154 /* AsyncFlatListView.swift */,
				8DA5AEEF2A3F40B70074F154 /* FlatListView.swift */,
				8DA5AEF32A3F43150074F154 /* SelectionListView.swift */,
				8DA5AEF52A3F448B0074F154 /* AppendCellListView.swift */,
				8DA5AEF72A3F582E0074F154 /* StaticTreeListView.swift */,
				8DFBBA3C2A3FACCD0078294C /* DisclosureGroupList.swift */,
				8DFBBA3E2A3FB3A90078294C /* AsyncDisclosureGroupListView.swift */,
				8DA5AEED2A3F3D5D0074F154 /* Models.swift */,
				8DF6A1B82A3E39100054B0FA /* Assets.xcassets */,
				8DF6A1BA2A3E39100054B0FA /* Preview Content */,
			);
			path = ListPlayin;
			sourceTree = "<group>";
		};
		8DF6A1BA2A3E39100054B0FA /* Preview Content */ = {
			isa = PBXGroup;
			children = (
				8DF6A1BB2A3E39100054B0FA /* Preview Assets.xcassets */,
			);
			path = "Preview Content";
			sourceTree = "<group>";
		};
/* End PBXGroup section */

/* Begin PBXNativeTarget section */
		8DF6A1B02A3E39100054B0FA /* ListPlayin */ = {
			isa = PBXNativeTarget;
			buildConfigurationList = 8DF6A1BF2A3E39100054B0FA /* Build configuration list for PBXNativeTarget "ListPlayin" */;
			buildPhases = (
				8DF6A1AD2A3E39100054B0FA /* Sources */,
				8DF6A1AE2A3E39100054B0FA /* Frameworks */,
				8DF6A1AF2A3E39100054B0FA /* Resources */,
			);
			buildRules = (
			);
			dependencies = (
			);
			name = ListPlayin;
			productName = ListPlayin;
			productReference = 8DF6A1B12A3E39100054B0FA /* ListPlayin.app */;
			productType = "com.apple.product-type.application";
		};
/* End PBXNativeTarget section */

/* Begin PBXProject section */
		8DF6A1A92A3E39100054B0FA /* Project object */ = {
			isa = PBXProject;
			attributes = {
				BuildIndependentTargetsInParallel = 1;
				LastSwiftUpdateCheck = 1500;
				LastUpgradeCheck = 1500;
				TargetAttributes = {
					8DF6A1B02A3E39100054B0FA = {
						CreatedOnToolsVersion = 15.0;
					};
				};
			};
			buildConfigurationList = 8DF6A1AC2A3E39100054B0FA /* Build configuration list for PBXProject "ListPlayin" */;
			compatibilityVersion = "Xcode 14.0";
			developmentRegion = en;
			hasScannedForEncodings = 0;
			knownRegions = (
				en,
				Base,
			);
			mainGroup = 8DF6A1A82A3E39100054B0FA;
			productRefGroup = 8DF6A1B22A3E39100054B0FA /* Products */;
			projectDirPath = "";
			projectRoot = "";
			targets = (
				8DF6A1B02A3E39100054B0FA /* ListPlayin */,
			);
		};
/* End PBXProject section */

/* Begin PBXResourcesBuildPhase section */
		8DF6A1AF2A3E39100054B0FA /* Resources */ = {
			isa = PBXResourcesBuildPhase;
			buildActionMask = 2147483647;
			files = (
				8DF6A1BC2A3E39100054B0FA /* Preview Assets.xcassets in Resources */,
				8DF6A1B92A3E39100054B0FA /* Assets.xcassets in Resources */,
			);
			runOnlyForDeploymentPostprocessing = 0;
		};
/* End PBXResourcesBuildPhase section */

/* Begin PBXSourcesBuildPhase section */
		8DF6A1AD2A3E39100054B0FA /* Sources */ = {
			isa = PBXSourcesBuildPhase;
			buildActionMask = 2147483647;
			files = (
				8DF6A1B72A3E39100054B0FA /* ContentView.swift in Sources */,
				8DA5AEF42A3F43150074F154 /* SelectionListView.swift in Sources */,
				8DA5AEF62A3F448B0074F154 /* AppendCellListView.swift in Sources */,
				8DA5AEF82A3F582E0074F154 /* StaticTreeListView.swift in Sources */,
				8DFBBA3D2A3FACCD0078294C /* DisclosureGroupList.swift in Sources */,
				8DA5AEEC2A3F3D440074F154 /* AsyncFlatListView.swift in Sources */,
				8DFBBA3F2A3FB3A90078294C /* AsyncDisclosureGroupListView.swift in Sources */,
				8DA5AEF02A3F40B70074F154 /* FlatListView.swift in Sources */,
				8DF6A1B52A3E39100054B0FA /* ListPlayinApp.swift in Sources */,
				8DA5AEEE2A3F3D5D0074F154 /* Models.swift in Sources */,
			);
			runOnlyForDeploymentPostprocessing = 0;
		};
/* End PBXSourcesBuildPhase section */

/* Begin XCBuildConfiguration section */
		8DF6A1BD2A3E39100054B0FA /* Debug */ = {
			isa = XCBuildConfiguration;
			buildSettings = {
				ALWAYS_SEARCH_USER_PATHS = NO;
				ASSETCATALOG_COMPILER_GENERATE_SWIFT_ASSET_SYMBOL_EXTENSIONS = YES;
				CLANG_ANALYZER_NONNULL = YES;
				CLANG_ANALYZER_NUMBER_OBJECT_CONVERSION = YES_AGGRESSIVE;
				CLANG_CXX_LANGUAGE_STANDARD = "gnu++20";
				CLANG_ENABLE_MODULES = YES;
				CLANG_ENABLE_OBJC_ARC = YES;
				CLANG_ENABLE_OBJC_WEAK = YES;
				CLANG_WARN_BLOCK_CAPTURE_AUTORELEASING = YES;
				CLANG_WARN_BOOL_CONVERSION = YES;
				CLANG_WARN_COMMA = YES;
				CLANG_WARN_CONSTANT_CONVERSION = YES;
				CLANG_WARN_DEPRECATED_OBJC_IMPLEMENTATIONS = YES;
				CLANG_WARN_DIRECT_OBJC_ISA_USAGE = YES_ERROR;
				CLANG_WARN_DOCUMENTATION_COMMENTS = YES;
				CLANG_WARN_EMPTY_BODY = YES;
				CLANG_WARN_ENUM_CONVERSION = YES;
				CLANG_WARN_INFINITE_RECURSION = YES;
				CLANG_WARN_INT_CONVERSION = YES;
				CLANG_WARN_NON_LITERAL_NULL_CONVERSION = YES;
				CLANG_WARN_OBJC_IMPLICIT_RETAIN_SELF = YES;
				CLANG_WARN_OBJC_LITERAL_CONVERSION = YES;
				CLANG_WARN_OBJC_ROOT_CLASS = YES_ERROR;
				CLANG_WARN_QUOTED_INCLUDE_IN_FRAMEWORK_HEADER = YES;
				CLANG_WARN_RANGE_LOOP_ANALYSIS = YES;
				CLANG_WARN_STRICT_PROTOTYPES = YES;
				CLANG_WARN_SUSPICIOUS_MOVE = YES;
				CLANG_WARN_UNGUARDED_AVAILABILITY = YES_AGGRESSIVE;
				CLANG_WARN_UNREACHABLE_CODE = YES;
				CLANG_WARN__DUPLICATE_METHOD_MATCH = YES;
				COPY_PHASE_STRIP = NO;
				DEBUG_INFORMATION_FORMAT = dwarf;
				ENABLE_STRICT_OBJC_MSGSEND = YES;
				ENABLE_TESTABILITY = YES;
				ENABLE_USER_SCRIPT_SANDBOXING = YES;
				GCC_C_LANGUAGE_STANDARD = gnu17;
				GCC_DYNAMIC_NO_PIC = NO;
				GCC_NO_COMMON_BLOCKS = YES;
				GCC_OPTIMIZATION_LEVEL = 0;
				GCC_PREPROCESSOR_DEFINITIONS = (
					"DEBUG=1",
					"$(inherited)",
				);
				GCC_WARN_64_TO_32_BIT_CONVERSION = YES;
				GCC_WARN_ABOUT_RETURN_TYPE = YES_ERROR;
				GCC_WARN_UNDECLARED_SELECTOR = YES;
				GCC_WARN_UNINITIALIZED_AUTOS = YES_AGGRESSIVE;
				GCC_WARN_UNUSED_FUNCTION = YES;
				GCC_WARN_UNUSED_VARIABLE = YES;
				IPHONEOS_DEPLOYMENT_TARGET = 17.0;
				LOCALIZATION_PREFERS_STRING_CATALOGS = YES;
				MTL_ENABLE_DEBUG_INFO = INCLUDE_SOURCE;
				MTL_FAST_MATH = YES;
				ONLY_ACTIVE_ARCH = YES;
				SDKROOT = iphoneos;
				SWIFT_ACTIVE_COMPILATION_CONDITIONS = "DEBUG $(inherited)";
				SWIFT_OPTIMIZATION_LEVEL = "-Onone";
			};
			name = Debug;
		};
		8DF6A1BE2A3E39100054B0FA /* Release */ = {
			isa = XCBuildConfiguration;
			buildSettings = {
				ALWAYS_SEARCH_USER_PATHS = NO;
				ASSETCATALOG_COMPILER_GENERATE_SWIFT_ASSET_SYMBOL_EXTENSIONS = YES;
				CLANG_ANALYZER_NONNULL = YES;
				CLANG_ANALYZER_NUMBER_OBJECT_CONVERSION = YES_AGGRESSIVE;
				CLANG_CXX_LANGUAGE_STANDARD = "gnu++20";
				CLANG_ENABLE_MODULES = YES;
				CLANG_ENABLE_OBJC_ARC = YES;
				CLANG_ENABLE_OBJC_WEAK = YES;
				CLANG_WARN_BLOCK_CAPTURE_AUTORELEASING = YES;
				CLANG_WARN_BOOL_CONVERSION = YES;
				CLANG_WARN_COMMA = YES;
				CLANG_WARN_CONSTANT_CONVERSION = YES;
				CLANG_WARN_DEPRECATED_OBJC_IMPLEMENTATIONS = YES;
				CLANG_WARN_DIRECT_OBJC_ISA_USAGE = YES_ERROR;
				CLANG_WARN_DOCUMENTATION_COMMENTS = YES;
				CLANG_WARN_EMPTY_BODY = YES;
				CLANG_WARN_ENUM_CONVERSION = YES;
				CLANG_WARN_INFINITE_RECURSION = YES;
				CLANG_WARN_INT_CONVERSION = YES;
				CLANG_WARN_NON_LITERAL_NULL_CONVERSION = YES;
				CLANG_WARN_OBJC_IMPLICIT_RETAIN_SELF = YES;
				CLANG_WARN_OBJC_LITERAL_CONVERSION = YES;
				CLANG_WARN_OBJC_ROOT_CLASS = YES_ERROR;
				CLANG_WARN_QUOTED_INCLUDE_IN_FRAMEWORK_HEADER = YES;
				CLANG_WARN_RANGE_LOOP_ANALYSIS = YES;
				CLANG_WARN_STRICT_PROTOTYPES = YES;
				CLANG_WARN_SUSPICIOUS_MOVE = YES;
				CLANG_WARN_UNGUARDED_AVAILABILITY = YES_AGGRESSIVE;
				CLANG_WARN_UNREACHABLE_CODE = YES;
				CLANG_WARN__DUPLICATE_METHOD_MATCH = YES;
				COPY_PHASE_STRIP = NO;
				DEBUG_INFORMATION_FORMAT = "dwarf-with-dsym";
				ENABLE_NS_ASSERTIONS = NO;
				ENABLE_STRICT_OBJC_MSGSEND = YES;
				ENABLE_USER_SCRIPT_SANDBOXING = YES;
				GCC_C_LANGUAGE_STANDARD = gnu17;
				GCC_NO_COMMON_BLOCKS = YES;
				GCC_WARN_64_TO_32_BIT_CONVERSION = YES;
				GCC_WARN_ABOUT_RETURN_TYPE = YES_ERROR;
				GCC_WARN_UNDECLARED_SELECTOR = YES;
				GCC_WARN_UNINITIALIZED_AUTOS = YES_AGGRESSIVE;
				GCC_WARN_UNUSED_FUNCTION = YES;
				GCC_WARN_UNUSED_VARIABLE = YES;
				IPHONEOS_DEPLOYMENT_TARGET = 17.0;
				LOCALIZATION_PREFERS_STRING_CATALOGS = YES;
				MTL_ENABLE_DEBUG_INFO = NO;
				MTL_FAST_MATH = YES;
				SDKROOT = iphoneos;
				SWIFT_COMPILATION_MODE = wholemodule;
				VALIDATE_PRODUCT = YES;
			};
			name = Release;
		};
		8DF6A1C02A3E39100054B0FA /* Debug */ = {
			isa = XCBuildConfiguration;
			buildSettings = {
				ASSETCATALOG_COMPILER_APPICON_NAME = AppIcon;
				ASSETCATALOG_COMPILER_GLOBAL_ACCENT_COLOR_NAME = AccentColor;
				CODE_SIGN_STYLE = Automatic;
				CURRENT_PROJECT_VERSION = 1;
				DEVELOPMENT_ASSET_PATHS = "\"ListPlayin/Preview Content\"";
				DEVELOPMENT_TEAM = A56D86G827;
				ENABLE_PREVIEWS = YES;
				GENERATE_INFOPLIST_FILE = YES;
				INFOPLIST_KEY_UIApplicationSceneManifest_Generation = YES;
				INFOPLIST_KEY_UIApplicationSupportsIndirectInputEvents = YES;
				INFOPLIST_KEY_UILaunchScreen_Generation = YES;
				INFOPLIST_KEY_UISupportedInterfaceOrientations_iPad = "UIInterfaceOrientationPortrait UIInterfaceOrientationPortraitUpsideDown UIInterfaceOrientationLandscapeLeft UIInterfaceOrientationLandscapeRight";
				INFOPLIST_KEY_UISupportedInterfaceOrientations_iPhone = "UIInterfaceOrientationPortrait UIInterfaceOrientationLandscapeLeft UIInterfaceOrientationLandscapeRight";
				IPHONEOS_DEPLOYMENT_TARGET = 16;
				LD_RUNPATH_SEARCH_PATHS = (
					"$(inherited)",
					"@executable_path/Frameworks",
				);
				MARKETING_VERSION = 1.0;
				PRODUCT_BUNDLE_IDENTIFIER = com.mikekavouras.ListPlayin;
				PRODUCT_NAME = "$(TARGET_NAME)";
				SWIFT_EMIT_LOC_STRINGS = YES;
				SWIFT_VERSION = 5.0;
				TARGETED_DEVICE_FAMILY = "1,2";
			};
			name = Debug;
		};
		8DF6A1C12A3E39100054B0FA /* Release */ = {
			isa = XCBuildConfiguration;
			buildSettings = {
				ASSETCATALOG_COMPILER_APPICON_NAME = AppIcon;
				ASSETCATALOG_COMPILER_GLOBAL_ACCENT_COLOR_NAME = AccentColor;
				CODE_SIGN_STYLE = Automatic;
				CURRENT_PROJECT_VERSION = 1;
				DEVELOPMENT_ASSET_PATHS = "\"ListPlayin/Preview Content\"";
				DEVELOPMENT_TEAM = A56D86G827;
				ENABLE_PREVIEWS = YES;
				GENERATE_INFOPLIST_FILE = YES;
				INFOPLIST_KEY_UIApplicationSceneManifest_Generation = YES;
				INFOPLIST_KEY_UIApplicationSupportsIndirectInputEvents = YES;
				INFOPLIST_KEY_UILaunchScreen_Generation = YES;
				INFOPLIST_KEY_UISupportedInterfaceOrientations_iPad = "UIInterfaceOrientationPortrait UIInterfaceOrientationPortraitUpsideDown UIInterfaceOrientationLandscapeLeft UIInterfaceOrientationLandscapeRight";
				INFOPLIST_KEY_UISupportedInterfaceOrientations_iPhone = "UIInterfaceOrientationPortrait UIInterfaceOrientationLandscapeLeft UIInterfaceOrientationLandscapeRight";
				IPHONEOS_DEPLOYMENT_TARGET = 16;
				LD_RUNPATH_SEARCH_PATHS = (
					"$(inherited)",
					"@executable_path/Frameworks",
				);
				MARKETING_VERSION = 1.0;
				PRODUCT_BUNDLE_IDENTIFIER = com.mikekavouras.ListPlayin;
				PRODUCT_NAME = "$(TARGET_NAME)";
				SWIFT_EMIT_LOC_STRINGS = YES;
				SWIFT_VERSION = 5.0;
				TARGETED_DEVICE_FAMILY = "1,2";
			};
			name = Release;
		};
/* End XCBuildConfiguration section */

/* Begin XCConfigurationList section */
		8DF6A1AC2A3E39100054B0FA /* Build configuration list for PBXProject "ListPlayin" */ = {
			isa = XCConfigurationList;
			buildConfigurations = (
				8DF6A1BD2A3E39100054B0FA /* Debug */,
				8DF6A1BE2A3E39100054B0FA /* Release */,
			);
			defaultConfigurationIsVisible = 0;
			defaultConfigurationName = Release;
		};
		8DF6A1BF2A3E39100054B0FA /* Build configuration list for PBXNativeTarget "ListPlayin" */ = {
			isa = XCConfigurationList;
			buildConfigurations = (
				8DF6A1C02A3E39100054B0FA /* Debug */,
				8DF6A1C12A3E39100054B0FA /* Release */,
			);
			defaultConfigurationIsVisible = 0;
			defaultConfigurationName = Release;
		};
/* End XCConfigurationList section */
	};
	rootObject = 8DF6A1A92A3E39100054B0FA /* Project object */;
}
